github.com/caarlos0/env/v11 v11.2.2 h1:95fApNrUyueipoZN/EhA8mMxiNxrBwDa+oAZrMWl3Kg=
github.com/caarlos0/env/v11 v11.2.2/go.mod h1:JBfcdeQiBoI3Zh1QRAWfe+tpiNTmDtcCj/hHHHMx0vc=
github.com/google/go-cmp v0.6.0 h1:ofyhxvXcZhMsU5ulbFiLKl/XBFqE1GSq7atu8tAmTRI=
github.com/google/go-cmp v0.6.0/go.mod h1:17dUlkBOakJ0+DkrSSNjCkIjxS6bF9zb3elmeNGIjoY=
github.com/shogo82148/pointer v1.3.0 h1:LW5V2jUAjFNjS8e7k/PgFoh3EavOSB/vvN85aGue5+I=
github.com/shogo82148/pointer v1.3.0/go.mod h1:agZ5JFpavFPXznbWonIvbG78NDfvDTFppe+7o53up5w=
go.uber.org/mock v0.5.0 h1:KAMbZvZPyBPWgD14IrIQ38QCyjwpvVVV6K/bHl1IwQU=
go.uber.org/mock v0.5.0/go.mod h1:ge71pBPLYDk7QIi1LupWxdAykm7KIEFchiOqd6z7qMM=
